<?xml version="1.0" encoding="utf-8"?>
<Project ToolsVersion="4.0" xmlns="http://schemas.microsoft.com/developer/msbuild/2003">
  <ItemGroup>
    <Filter Include="DemoEngine">
      <UniqueIdentifier>{00C011DF-EC77-532C-557F-2C884156EE1C}</UniqueIdentifier>
    </Filter>
    <Filter Include="DemoEngine\Events">
      <UniqueIdentifier>{E46B0F4D-5082-0DE3-99F9-9804054FDE6A}</UniqueIdentifier>
    </Filter>
    <Filter Include="Platform">
      <UniqueIdentifier>{2AC788B4-1694-E3BF-3FAD-D1672BD9184E}</UniqueIdentifier>
    </Filter>
  </ItemGroup>
  <ItemGroup>
    <ClInclude Include="src\DemoEngine.h" />
    <ClInclude Include="src\DemoEngine\Application.h">
      <Filter>DemoEngine</Filter>
    </ClInclude>
    <ClInclude Include="src\DemoEngine\Core.h">
      <Filter>DemoEngine</Filter>
    </ClInclude>
    <ClInclude Include="src\DemoEngine\EntryPoint.h">
      <Filter>DemoEngine</Filter>
    </ClInclude>
    <ClInclude Include="src\DemoEngine\Events\ApplicationEvent.h">
      <Filter>DemoEngine\Events</Filter>
    </ClInclude>
    <ClInclude Include="src\DemoEngine\Events\Event.h">
      <Filter>DemoEngine\Events</Filter>
    </ClInclude>
    <ClInclude Include="src\DemoEngine\Events\KeyEvent.h">
      <Filter>DemoEngine\Events</Filter>
    </ClInclude>
    <ClInclude Include="src\DemoEngine\Events\MouseEvent.h">
      <Filter>DemoEngine\Events</Filter>
    </ClInclude>
    <ClInclude Include="src\DemoEngine\Log.h">
      <Filter>DemoEngine</Filter>
    </ClInclude>
    <ClInclude Include="src\DemoEngine\Window.h">
      <Filter>DemoEngine</Filter>
    </ClInclude>
    <ClInclude Include="src\Platform\WindowsWindow.h">
      <Filter>Platform</Filter>
    </ClInclude>
    <ClInclude Include="src\pch.h" />
  </ItemGroup>
  <ItemGroup>
    <ClCompile Include="src\DemoEngine\Application.cpp">
      <Filter>DemoEngine</Filter>
    </ClCompile>
    <ClCompile Include="src\DemoEngine\Log.cpp">
      <Filter>DemoEngine</Filter>
    </ClCompile>
    <ClCompile Include="src\Platform\WindowsWindow.cpp">
      <Filter>Platform</Filter>
    </ClCompile>
    <ClCompile Include="src\pch.cpp" />
  </ItemGroup>
</Project>